{
    "_readme": [
        "This file locks the dependencies of your project to a known state",
        "Read more about it at https://getcomposer.org/doc/01-basic-usage.md#installing-dependencies",
        "This file is @generated automatically"
    ],
    "content-hash": "e7bfdf1d66d0488c7245f0f4d1ebc911",
    "packages": [
        {
            "name": "firebase/php-jwt",
            "version": "v6.4.0",
            "source": {
                "type": "git",
                "url": "https://github.com/firebase/php-jwt.git",
                "reference": "4dd1e007f22a927ac77da5a3fbb067b42d3bc224"
            },
            "dist": {
                "type": "zip",
                "url": "https://api.github.com/repos/firebase/php-jwt/zipball/4dd1e007f22a927ac77da5a3fbb067b42d3bc224",
                "reference": "4dd1e007f22a927ac77da5a3fbb067b42d3bc224",
                "shasum": ""
            },
            "require": {
                "php": "^7.1||^8.0"
            },
            "require-dev": {
                "guzzlehttp/guzzle": "^6.5||^7.4",
                "phpspec/prophecy-phpunit": "^1.1",
                "phpunit/phpunit": "^7.5||^9.5",
                "psr/cache": "^1.0||^2.0",
                "psr/http-client": "^1.0",
                "psr/http-factory": "^1.0"
            },
            "suggest": {
                "ext-sodium": "Support EdDSA (Ed25519) signatures",
                "paragonie/sodium_compat": "Support EdDSA (Ed25519) signatures when libsodium is not present"
            },
            "type": "library",
            "autoload": {
                "psr-4": {
                    "Firebase\\JWT\\": "src"
                }
            },
            "notification-url": "https://packagist.org/downloads/",
            "license": [
                "BSD-3-Clause"
            ],
            "authors": [
                {
                    "name": "Neuman Vong",
                    "email": "neuman+pear@twilio.com",
                    "role": "Developer"
                },
                {
                    "name": "Anant Narayanan",
                    "email": "anant@php.net",
                    "role": "Developer"
                }
            ],
            "description": "A simple library to encode and decode JSON Web Tokens (JWT) in PHP. Should conform to the current spec.",
            "homepage": "https://github.com/firebase/php-jwt",
            "keywords": [
                "jwt",
                "php"
            ],
            "support": {
                "issues": "https://github.com/firebase/php-jwt/issues",
                "source": "https://github.com/firebase/php-jwt/tree/v6.4.0"
            },
            "time": "2023-02-09T21:01:23+00:00"
        },
        {
            "name": "pecee/simple-router",
            "version": "5.0.0.3",
            "source": {
                "type": "git",
                "url": "https://github.com/skipperbent/simple-php-router.git",
                "reference": "0aea8673d9d6dcb36e33f4ed8bca8f37f28f87f1"
            },
            "dist": {
                "type": "zip",
                "url": "https://api.github.com/repos/skipperbent/simple-php-router/zipball/0aea8673d9d6dcb36e33f4ed8bca8f37f28f87f1",
                "reference": "0aea8673d9d6dcb36e33f4ed8bca8f37f28f87f1",
                "shasum": ""
            },
            "require": {
                "ext-json": "*",
                "php": ">=7.4"
            },
            "require-dev": {
                "mockery/mockery": "^1",
                "phpstan/phpstan": "^1",
                "phpstan/phpstan-deprecation-rules": "^1",
                "phpstan/phpstan-phpunit": "^1",
                "phpstan/phpstan-strict-rules": "^1",
                "phpunit/phpunit": "^8"
            },
            "type": "library",
            "autoload": {
                "psr-4": {
                    "Pecee\\": "src/Pecee/"
                }
            },
            "notification-url": "https://packagist.org/downloads/",
            "license": [
                "MIT"
            ],
            "authors": [
                {
                    "name": "Simon Sessingø",
                    "email": "simon.sessingoe@gmail.com"
                }
            ],
            "description": "Simple, fast PHP router that is easy to get integrated and in almost any project. Heavily inspired by the Laravel router.",
            "keywords": [
                "framework",
                "input-handler",
                "laravel",
                "pecee",
                "php",
                "request-handler",
                "route",
                "router",
                "routing",
                "routing-engine",
                "simple-php-router",
                "url-handling"
            ],
            "support": {
                "issues": "https://github.com/skipperbent/simple-php-router/issues",
                "source": "https://github.com/skipperbent/simple-php-router/issues"
            },
            "time": "2023-02-13T13:06:24+00:00"
        }
    ],
    "packages-dev": [],
    "aliases": [],
    "minimum-stability": "stable",
    "stability-flags": [],
    "prefer-stable": false,
    "prefer-lowest": false,
    "platform": {
        "ext-pdo": "*"
    },
    "platform-dev": [],
    "plugin-api-version": "2.3.0"
}
